
Microsoft Visual Studio Solution File, Format Version 12.00
# Visual Studio Version 17
VisualStudioVersion = 17.5.33530.505
MinimumVisualStudioVersion = 10.0.40219.1
Project("{FAE04EC0-301F-11D3-BF4B-00C04F79EFBC}") = "Ejemplo 10 - Laboratorio", "Ejemplo 10 - Laboratorio\Ejemplo 10 - Laboratorio.csproj", "{DEDC5005-F0CB-4C6D-A166-C1CC52DBC426}"
EndProject
Global
	GlobalSection(SolutionConfigurationPlatforms) = preSolution
		Debug|Any CPU = Debug|Any CPU
		Release|Any CPU = Release|Any CPU
	EndGlobalSection
	GlobalSection(ProjectConfigurationPlatforms) = postSolution
		{DEDC5005-F0CB-4C6D-A166-C1CC52DBC426}.Debug|Any CPU.ActiveCfg = Debug|Any CPU
		{DEDC5005-F0CB-4C6D-A166-C1CC52DBC426}.Debug|Any CPU.Build.0 = Debug|Any CPU
		{DEDC5005-F0CB-4C6D-A166-C1CC52DBC426}.Release|Any CPU.ActiveCfg = Release|Any CPU
		{DEDC5005-F0CB-4C6D-A166-C1CC52DBC426}.Release|Any CPU.Build.0 = Release|Any CPU
	EndGlobalSection
	GlobalSection(SolutionProperties) = preSolution
		HideSolutionNode = FALSE
	EndGlobalSection
	GlobalSection(ExtensibilityGlobals) = postSolution
		SolutionGuid = {8D93E060-2A30-4691-9D85-46E2EFC923F2}
	EndGlobalSection
EndGlobal
